
Microsoft Visual Studio Solution File, Format Version 12.00
# Visual Studio Version 17
VisualStudioVersion = 17.5.33516.290
MinimumVisualStudioVersion = 10.0.40219.1
Project("{FAE04EC0-301F-11D3-BF4B-00C04F79EFBC}") = "OP_OL_C#", "OP_OL_C#.csproj", "{B305DCBE-2BD4-48C5-9B64-E437688CEAA6}"
EndProject
Global
	GlobalSection(SolutionConfigurationPlatforms) = preSolution
		Debug|Any CPU = Debug|Any CPU
		Release|Any CPU = Release|Any CPU
	EndGlobalSection
	GlobalSection(ProjectConfigurationPlatforms) = postSolution
		{B305DCBE-2BD4-48C5-9B64-E437688CEAA6}.Debug|Any CPU.ActiveCfg = Debug|Any CPU
		{B305DCBE-2BD4-48C5-9B64-E437688CEAA6}.Debug|Any CPU.Build.0 = Debug|Any CPU
		{B305DCBE-2BD4-48C5-9B64-E437688CEAA6}.Release|Any CPU.ActiveCfg = Release|Any CPU
		{B305DCBE-2BD4-48C5-9B64-E437688CEAA6}.Release|Any CPU.Build.0 = Release|Any CPU
	EndGlobalSection
	GlobalSection(SolutionProperties) = preSolution
		HideSolutionNode = FALSE
	EndGlobalSection
	GlobalSection(ExtensibilityGlobals) = postSolution
		SolutionGuid = {A2F21684-C7F9-44DF-8DA8-C782C5A1C256}
	EndGlobalSection
EndGlobal
